
Microsoft Visual Studio Solution File, Format Version 12.00
# Visual Studio Version 16
VisualStudioVersion = 16.0.29728.190
MinimumVisualStudioVersion = 10.0.40219.1
Project("{9A19103F-16F7-4668-BE54-9A1E7A4F7556}") = "TruckTracking.API", "TruckTracking.API\TruckTracking.API.csproj", "{73B2F1EA-C9DE-485F-BD00-54FE804CFAB1}"
EndProject
Global
	GlobalSection(SolutionConfigurationPlatforms) = preSolution
		Debug|Any CPU = Debug|Any CPU
		Release|Any CPU = Release|Any CPU
	EndGlobalSection
	GlobalSection(ProjectConfigurationPlatforms) = postSolution
		{73B2F1EA-C9DE-485F-BD00-54FE804CFAB1}.Debug|Any CPU.ActiveCfg = Debug|Any CPU
		{73B2F1EA-C9DE-485F-BD00-54FE804CFAB1}.Debug|Any CPU.Build.0 = Debug|Any CPU
		{73B2F1EA-C9DE-485F-BD00-54FE804CFAB1}.Release|Any CPU.ActiveCfg = Release|Any CPU
		{73B2F1EA-C9DE-485F-BD00-54FE804CFAB1}.Release|Any CPU.Build.0 = Release|Any CPU
	EndGlobalSection
	GlobalSection(SolutionProperties) = preSolution
		HideSolutionNode = FALSE
	EndGlobalSection
	GlobalSection(ExtensibilityGlobals) = postSolution
		SolutionGuid = {D55F07B9-C7E3-4445-90D6-992C9B73A4ED}
	EndGlobalSection
EndGlobal
